
Microsoft Visual Studio Solution File, Format Version 12.00
# Visual Studio Version 17
VisualStudioVersion = 17.7.34202.233
MinimumVisualStudioVersion = 10.0.40219.1
Project("{FAE04EC0-301F-11D3-BF4B-00C04F79EFBC}") = "JogoDaVelha", "JogoDaVelha.csproj", "{0B14CA37-85EE-4301-AE90-E65E0FA2EAE7}"
EndProject
Global
	GlobalSection(SolutionConfigurationPlatforms) = preSolution
		Debug|Any CPU = Debug|Any CPU
		Release|Any CPU = Release|Any CPU
	EndGlobalSection
	GlobalSection(ProjectConfigurationPlatforms) = postSolution
		{0B14CA37-85EE-4301-AE90-E65E0FA2EAE7}.Debug|Any CPU.ActiveCfg = Debug|Any CPU
		{0B14CA37-85EE-4301-AE90-E65E0FA2EAE7}.Debug|Any CPU.Build.0 = Debug|Any CPU
		{0B14CA37-85EE-4301-AE90-E65E0FA2EAE7}.Release|Any CPU.ActiveCfg = Release|Any CPU
		{0B14CA37-85EE-4301-AE90-E65E0FA2EAE7}.Release|Any CPU.Build.0 = Release|Any CPU
	EndGlobalSection
	GlobalSection(SolutionProperties) = preSolution
		HideSolutionNode = FALSE
	EndGlobalSection
	GlobalSection(ExtensibilityGlobals) = postSolution
		SolutionGuid = {A9D7257C-672A-49B1-BE18-F13B068B59F5}
	EndGlobalSection
EndGlobal
